
Microsoft Visual Studio Solution File, Format Version 12.00
# Visual Studio Version 16
VisualStudioVersion = 16.0.30225.117
MinimumVisualStudioVersion = 10.0.40219.1
Project("{FAE04EC0-301F-11D3-BF4B-00C04F79EFBC}") = "LeaderBoard", "LeaderBoard\LeaderBoard.csproj", "{3DE589A2-4E97-4E92-BE21-2F45A6B0480D}"
EndProject
Global
	GlobalSection(SolutionConfigurationPlatforms) = preSolution
		Debug|Any CPU = Debug|Any CPU
		Release|Any CPU = Release|Any CPU
	EndGlobalSection
	GlobalSection(ProjectConfigurationPlatforms) = postSolution
		{3DE589A2-4E97-4E92-BE21-2F45A6B0480D}.Debug|Any CPU.ActiveCfg = Debug|Any CPU
		{3DE589A2-4E97-4E92-BE21-2F45A6B0480D}.Debug|Any CPU.Build.0 = Debug|Any CPU
		{3DE589A2-4E97-4E92-BE21-2F45A6B0480D}.Release|Any CPU.ActiveCfg = Release|Any CPU
		{3DE589A2-4E97-4E92-BE21-2F45A6B0480D}.Release|Any CPU.Build.0 = Release|Any CPU
	EndGlobalSection
	GlobalSection(SolutionProperties) = preSolution
		HideSolutionNode = FALSE
	EndGlobalSection
	GlobalSection(ExtensibilityGlobals) = postSolution
		SolutionGuid = {BEBEA2F6-1C7D-4AA2-8188-75ACC22C5A92}
	EndGlobalSection
EndGlobal
